
Microsoft Visual Studio Solution File, Format Version 12.00
# Visual Studio Version 17
VisualStudioVersion = 17.0.32014.148
MinimumVisualStudioVersion = 10.0.40219.1
Project("{FAE04EC0-301F-11D3-BF4B-00C04F79EFBC}") = "CoreTools", "CoreTools\CoreTools.csproj", "{DF2F2991-F659-4BA2-928B-67C773C67BB5}"
EndProject
Global
	GlobalSection(SolutionConfigurationPlatforms) = preSolution
		Debug|Any CPU = Debug|Any CPU
		Release|Any CPU = Release|Any CPU
	EndGlobalSection
	GlobalSection(ProjectConfigurationPlatforms) = postSolution
		{DF2F2991-F659-4BA2-928B-67C773C67BB5}.Debug|Any CPU.ActiveCfg = Debug|Any CPU
		{DF2F2991-F659-4BA2-928B-67C773C67BB5}.Debug|Any CPU.Build.0 = Debug|Any CPU
		{DF2F2991-F659-4BA2-928B-67C773C67BB5}.Release|Any CPU.ActiveCfg = Release|Any CPU
		{DF2F2991-F659-4BA2-928B-67C773C67BB5}.Release|Any CPU.Build.0 = Release|Any CPU
	EndGlobalSection
	GlobalSection(SolutionProperties) = preSolution
		HideSolutionNode = FALSE
	EndGlobalSection
	GlobalSection(ExtensibilityGlobals) = postSolution
		SolutionGuid = {1354D9AB-CABA-44A9-A834-EDC9FA63DF37}
	EndGlobalSection
EndGlobal
